
Microsoft Visual Studio Solution File, Format Version 12.00
# Visual Studio Version 17
VisualStudioVersion = 17.11.35327.3
MinimumVisualStudioVersion = 10.0.40219.1
Project("{FAE04EC0-301F-11D3-BF4B-00C04F79EFBC}") = "CPU", "CPU\CPU.csproj", "{8DFD5511-E7DE-39C4-D90B-A6030C9E8206}"
EndProject
Project("{FAE04EC0-301F-11D3-BF4B-00C04F79EFBC}") = "GPU", "GPU\GPU.csproj", "{540B0187-BCF8-1221-0809-3050DAC39712}"
EndProject
Project("{FAE04EC0-301F-11D3-BF4B-00C04F79EFBC}") = "PhiConsoleApp", "PhiConsoleApp\PhiConsoleApp.csproj", "{0C05D2BE-2A14-437C-9D13-A5EC5F8AB740}"
EndProject
Global
	GlobalSection(SolutionConfigurationPlatforms) = preSolution
		Debug|Any CPU = Debug|Any CPU
		Debug|x64 = Debug|x64
		Release|Any CPU = Release|Any CPU
		Release|x64 = Release|x64
	EndGlobalSection
	GlobalSection(ProjectConfigurationPlatforms) = postSolution
		{8DFD5511-E7DE-39C4-D90B-A6030C9E8206}.Debug|Any CPU.ActiveCfg = Debug|Any CPU
		{8DFD5511-E7DE-39C4-D90B-A6030C9E8206}.Debug|Any CPU.Build.0 = Debug|Any CPU
		{8DFD5511-E7DE-39C4-D90B-A6030C9E8206}.Debug|x64.ActiveCfg = Debug|Any CPU
		{8DFD5511-E7DE-39C4-D90B-A6030C9E8206}.Debug|x64.Build.0 = Debug|Any CPU
		{8DFD5511-E7DE-39C4-D90B-A6030C9E8206}.Release|Any CPU.ActiveCfg = Release|Any CPU
		{8DFD5511-E7DE-39C4-D90B-A6030C9E8206}.Release|Any CPU.Build.0 = Release|Any CPU
		{8DFD5511-E7DE-39C4-D90B-A6030C9E8206}.Release|x64.ActiveCfg = Release|Any CPU
		{8DFD5511-E7DE-39C4-D90B-A6030C9E8206}.Release|x64.Build.0 = Release|Any CPU
		{540B0187-BCF8-1221-0809-3050DAC39712}.Debug|Any CPU.ActiveCfg = Debug|x64
		{540B0187-BCF8-1221-0809-3050DAC39712}.Debug|Any CPU.Build.0 = Debug|x64
		{540B0187-BCF8-1221-0809-3050DAC39712}.Debug|x64.ActiveCfg = Debug|x64
		{540B0187-BCF8-1221-0809-3050DAC39712}.Debug|x64.Build.0 = Debug|x64
		{540B0187-BCF8-1221-0809-3050DAC39712}.Release|Any CPU.ActiveCfg = Release|x64
		{540B0187-BCF8-1221-0809-3050DAC39712}.Release|Any CPU.Build.0 = Release|x64
		{540B0187-BCF8-1221-0809-3050DAC39712}.Release|x64.ActiveCfg = Release|x64
		{540B0187-BCF8-1221-0809-3050DAC39712}.Release|x64.Build.0 = Release|x64
		{0C05D2BE-2A14-437C-9D13-A5EC5F8AB740}.Debug|Any CPU.ActiveCfg = Debug|Any CPU
		{0C05D2BE-2A14-437C-9D13-A5EC5F8AB740}.Debug|Any CPU.Build.0 = Debug|Any CPU
		{0C05D2BE-2A14-437C-9D13-A5EC5F8AB740}.Debug|x64.ActiveCfg = Debug|Any CPU
		{0C05D2BE-2A14-437C-9D13-A5EC5F8AB740}.Debug|x64.Build.0 = Debug|Any CPU
		{0C05D2BE-2A14-437C-9D13-A5EC5F8AB740}.Release|Any CPU.ActiveCfg = Release|Any CPU
		{0C05D2BE-2A14-437C-9D13-A5EC5F8AB740}.Release|Any CPU.Build.0 = Release|Any CPU
		{0C05D2BE-2A14-437C-9D13-A5EC5F8AB740}.Release|x64.ActiveCfg = Release|Any CPU
		{0C05D2BE-2A14-437C-9D13-A5EC5F8AB740}.Release|x64.Build.0 = Release|Any CPU
	EndGlobalSection
	GlobalSection(SolutionProperties) = preSolution
		HideSolutionNode = FALSE
	EndGlobalSection
	GlobalSection(ExtensibilityGlobals) = postSolution
		SolutionGuid = {3AADC947-001C-4999-BFDF-FEC2E856A021}
	EndGlobalSection
EndGlobal
